
Microsoft Visual Studio Solution File, Format Version 12.00
# Visual Studio Version 17
VisualStudioVersion = 17.0.32014.148
MinimumVisualStudioVersion = 10.0.40219.1
Project("{FAE04EC0-301F-11D3-BF4B-00C04F79EFBC}") = "RecoverDelegate", "RecoverDelegate.csproj", "{2019A3C0-3A30-4A27-B489-7CB45D45C8E3}"
EndProject
Global
	GlobalSection(SolutionConfigurationPlatforms) = preSolution
		Debug|Any CPU = Debug|Any CPU
		Release|Any CPU = Release|Any CPU
	EndGlobalSection
	GlobalSection(ProjectConfigurationPlatforms) = postSolution
		{2019A3C0-3A30-4A27-B489-7CB45D45C8E3}.Debug|Any CPU.ActiveCfg = Debug|Any CPU
		{2019A3C0-3A30-4A27-B489-7CB45D45C8E3}.Debug|Any CPU.Build.0 = Debug|Any CPU
		{2019A3C0-3A30-4A27-B489-7CB45D45C8E3}.Release|Any CPU.ActiveCfg = Release|Any CPU
		{2019A3C0-3A30-4A27-B489-7CB45D45C8E3}.Release|Any CPU.Build.0 = Release|Any CPU
	EndGlobalSection
	GlobalSection(SolutionProperties) = preSolution
		HideSolutionNode = FALSE
	EndGlobalSection
	GlobalSection(ExtensibilityGlobals) = postSolution
		SolutionGuid = {F8C86E94-2296-43A2-B82A-87329E26B78F}
	EndGlobalSection
EndGlobal
